
Microsoft Visual Studio Solution File, Format Version 12.00
# Visual Studio Version 17
VisualStudioVersion = 17.11.35312.102
MinimumVisualStudioVersion = 10.0.40219.1
Project("{9A19103F-16F7-4668-BE54-9A1E7A4F7556}") = "PartGlobalVariables", "PartGlobalVariables\PartGlobalVariables.csproj", "{BB74028C-61D5-44D9-932D-B9B8FEEEA20D}"
EndProject
Global
	GlobalSection(SolutionConfigurationPlatforms) = preSolution
		Debug|Any CPU = Debug|Any CPU
		Release|Any CPU = Release|Any CPU
	EndGlobalSection
	GlobalSection(ProjectConfigurationPlatforms) = postSolution
		{BB74028C-61D5-44D9-932D-B9B8FEEEA20D}.Debug|Any CPU.ActiveCfg = Debug|Any CPU
		{BB74028C-61D5-44D9-932D-B9B8FEEEA20D}.Debug|Any CPU.Build.0 = Debug|Any CPU
		{BB74028C-61D5-44D9-932D-B9B8FEEEA20D}.Release|Any CPU.ActiveCfg = Release|Any CPU
		{BB74028C-61D5-44D9-932D-B9B8FEEEA20D}.Release|Any CPU.Build.0 = Release|Any CPU
	EndGlobalSection
	GlobalSection(SolutionProperties) = preSolution
		HideSolutionNode = FALSE
	EndGlobalSection
	GlobalSection(ExtensibilityGlobals) = postSolution
		SolutionGuid = {4313976A-D1B7-42F9-B4A7-B4003172D0F8}
	EndGlobalSection
EndGlobal
