
Microsoft Visual Studio Solution File, Format Version 12.00
# Visual Studio Version 17
VisualStudioVersion = 17.11.35312.102
MinimumVisualStudioVersion = 10.0.40219.1
Project("{9A19103F-16F7-4668-BE54-9A1E7A4F7556}") = "PartGlobalVariables", "PartGlobalVariables.csproj", "{1334F0BA-E60E-4870-BA98-32203B2384D3}"
EndProject
Global
	GlobalSection(SolutionConfigurationPlatforms) = preSolution
		Debug|Any CPU = Debug|Any CPU
		Release|Any CPU = Release|Any CPU
	EndGlobalSection
	GlobalSection(ProjectConfigurationPlatforms) = postSolution
		{1334F0BA-E60E-4870-BA98-32203B2384D3}.Debug|Any CPU.ActiveCfg = Debug|Any CPU
		{1334F0BA-E60E-4870-BA98-32203B2384D3}.Debug|Any CPU.Build.0 = Debug|Any CPU
		{1334F0BA-E60E-4870-BA98-32203B2384D3}.Release|Any CPU.ActiveCfg = Release|Any CPU
		{1334F0BA-E60E-4870-BA98-32203B2384D3}.Release|Any CPU.Build.0 = Release|Any CPU
	EndGlobalSection
	GlobalSection(SolutionProperties) = preSolution
		HideSolutionNode = FALSE
	EndGlobalSection
	GlobalSection(ExtensibilityGlobals) = postSolution
		SolutionGuid = {9D95EE98-0504-4F4A-889C-E1989077C581}
	EndGlobalSection
EndGlobal
